
Microsoft Visual Studio Solution File, Format Version 12.00
# Visual Studio Version 17
VisualStudioVersion = 17.14.36717.8 d17.14
MinimumVisualStudioVersion = 10.0.40219.1
Project("{FAE04EC0-301F-11D3-BF4B-00C04F79EFBC}") = "CShrap_Sudoku_Project", "CShrap_Sudoku_Project\CShrap_Sudoku_Project.csproj", "{66B6B7D8-71B2-4D8D-9DA6-EC9355C6FE96}"
EndProject
Global
	GlobalSection(SolutionConfigurationPlatforms) = preSolution
		Debug|Any CPU = Debug|Any CPU
		Release|Any CPU = Release|Any CPU
	EndGlobalSection
	GlobalSection(ProjectConfigurationPlatforms) = postSolution
		{66B6B7D8-71B2-4D8D-9DA6-EC9355C6FE96}.Debug|Any CPU.ActiveCfg = Debug|Any CPU
		{66B6B7D8-71B2-4D8D-9DA6-EC9355C6FE96}.Debug|Any CPU.Build.0 = Debug|Any CPU
		{66B6B7D8-71B2-4D8D-9DA6-EC9355C6FE96}.Release|Any CPU.ActiveCfg = Release|Any CPU
		{66B6B7D8-71B2-4D8D-9DA6-EC9355C6FE96}.Release|Any CPU.Build.0 = Release|Any CPU
	EndGlobalSection
	GlobalSection(SolutionProperties) = preSolution
		HideSolutionNode = FALSE
	EndGlobalSection
	GlobalSection(ExtensibilityGlobals) = postSolution
		SolutionGuid = {101A7EA7-3113-4C6C-987C-0D794BB93770}
	EndGlobalSection
EndGlobal
