
Microsoft Visual Studio Solution File, Format Version 12.00
# Visual Studio Version 17
VisualStudioVersion = 17.14.36717.8 d17.14
MinimumVisualStudioVersion = 10.0.40219.1
Project("{FAE04EC0-301F-11D3-BF4B-00C04F79EFBC}") = "CSharp_Sudoku_Project_V.1_Level-2", "CSharp_Sudoku_Project_V.1_Level-2\CSharp_Sudoku_Project_V.1_Level-2.csproj", "{9F4829F9-1F4F-4393-A98F-272B765166E0}"
EndProject
Global
	GlobalSection(SolutionConfigurationPlatforms) = preSolution
		Debug|Any CPU = Debug|Any CPU
		Release|Any CPU = Release|Any CPU
	EndGlobalSection
	GlobalSection(ProjectConfigurationPlatforms) = postSolution
		{9F4829F9-1F4F-4393-A98F-272B765166E0}.Debug|Any CPU.ActiveCfg = Debug|Any CPU
		{9F4829F9-1F4F-4393-A98F-272B765166E0}.Debug|Any CPU.Build.0 = Debug|Any CPU
		{9F4829F9-1F4F-4393-A98F-272B765166E0}.Release|Any CPU.ActiveCfg = Release|Any CPU
		{9F4829F9-1F4F-4393-A98F-272B765166E0}.Release|Any CPU.Build.0 = Release|Any CPU
	EndGlobalSection
	GlobalSection(SolutionProperties) = preSolution
		HideSolutionNode = FALSE
	EndGlobalSection
	GlobalSection(ExtensibilityGlobals) = postSolution
		SolutionGuid = {BC4DE436-6763-49F8-A8F2-3992972EFC92}
	EndGlobalSection
EndGlobal
